{
  "version": "v1",
  "packages": {
    "tree_shaker_dependency_1": {
      "signature": "a8facbe46f366b376c31c829a2b247c0",
      "file": true,
      "replaced": "*"
    },
    "tree_shaker_dependency_2": {
      "signature": "ef64babf8d07cf11ac66e636d2c4dc29",
      "file": true,
      "replaced": "*"
    }
  }
}