{
  "version": "v1",
  "packages": {
    "tree_shaker_dependency_1": {
      "signature": "aa1b2b2a74802283ddd00fc91a030993",
      "file": true,
      "replaced": "*"
    },
    "tree_shaker_dependency_2": {
      "signature": "3593b227f7b5bef5b3f468628b75d250",
      "file": true,
      "replaced": "*"
    }
  }
}